
Microsoft Visual Studio Solution File, Format Version 12.00
# Visual Studio 15
VisualStudioVersion = 15.0.28307.1321
MinimumVisualStudioVersion = 10.0.40219.1
Project("{FAE04EC0-301F-11D3-BF4B-00C04F79EFBC}") = "StoreFront.UI.MVC", "StoreFront.UI.MVC\StoreFront.UI.MVC.csproj", "{9BB6F22A-7937-4B97-9C76-1957F4025E87}"
EndProject
Project("{FAE04EC0-301F-11D3-BF4B-00C04F79EFBC}") = "StoreFront.DATA.EF", "StoreFront.DATA.EF\StoreFront.DATA.EF.csproj", "{1411EFB9-CCA1-4471-8DA7-E16AEB0BE616}"
EndProject
Global
	GlobalSection(SolutionConfigurationPlatforms) = preSolution
		Debug|Any CPU = Debug|Any CPU
		Release|Any CPU = Release|Any CPU
	EndGlobalSection
	GlobalSection(ProjectConfigurationPlatforms) = postSolution
		{9BB6F22A-7937-4B97-9C76-1957F4025E87}.Debug|Any CPU.ActiveCfg = Debug|Any CPU
		{9BB6F22A-7937-4B97-9C76-1957F4025E87}.Debug|Any CPU.Build.0 = Debug|Any CPU
		{9BB6F22A-7937-4B97-9C76-1957F4025E87}.Release|Any CPU.ActiveCfg = Release|Any CPU
		{9BB6F22A-7937-4B97-9C76-1957F4025E87}.Release|Any CPU.Build.0 = Release|Any CPU
		{1411EFB9-CCA1-4471-8DA7-E16AEB0BE616}.Debug|Any CPU.ActiveCfg = Debug|Any CPU
		{1411EFB9-CCA1-4471-8DA7-E16AEB0BE616}.Debug|Any CPU.Build.0 = Debug|Any CPU
		{1411EFB9-CCA1-4471-8DA7-E16AEB0BE616}.Release|Any CPU.ActiveCfg = Release|Any CPU
		{1411EFB9-CCA1-4471-8DA7-E16AEB0BE616}.Release|Any CPU.Build.0 = Release|Any CPU
	EndGlobalSection
	GlobalSection(SolutionProperties) = preSolution
		HideSolutionNode = FALSE
	EndGlobalSection
	GlobalSection(ExtensibilityGlobals) = postSolution
		SolutionGuid = {3CB80470-22D8-4D18-B701-F1A480634AEE}
	EndGlobalSection
EndGlobal
